
Microsoft Visual Studio Solution File, Format Version 12.00
# Visual Studio Version 17
VisualStudioVersion = 17.4.33213.308
MinimumVisualStudioVersion = 10.0.40219.1
Project("{FAE04EC0-301F-11D3-BF4B-00C04F79EFBC}") = "classes2.0", "classes2.0\classes2.0.csproj", "{AC5127A1-E06D-4755-874A-4D4FB8AF860B}"
EndProject
Global
	GlobalSection(SolutionConfigurationPlatforms) = preSolution
		Debug|Any CPU = Debug|Any CPU
		Release|Any CPU = Release|Any CPU
	EndGlobalSection
	GlobalSection(ProjectConfigurationPlatforms) = postSolution
		{AC5127A1-E06D-4755-874A-4D4FB8AF860B}.Debug|Any CPU.ActiveCfg = Debug|Any CPU
		{AC5127A1-E06D-4755-874A-4D4FB8AF860B}.Debug|Any CPU.Build.0 = Debug|Any CPU
		{AC5127A1-E06D-4755-874A-4D4FB8AF860B}.Release|Any CPU.ActiveCfg = Release|Any CPU
		{AC5127A1-E06D-4755-874A-4D4FB8AF860B}.Release|Any CPU.Build.0 = Release|Any CPU
	EndGlobalSection
	GlobalSection(SolutionProperties) = preSolution
		HideSolutionNode = FALSE
	EndGlobalSection
	GlobalSection(ExtensibilityGlobals) = postSolution
		SolutionGuid = {293FD63D-03D9-4B81-9742-316706FE45FF}
	EndGlobalSection
EndGlobal
